<?xml version="1.0" encoding="utf-8"?>
<Project ToolsVersion="4.0" xmlns="http://schemas.microsoft.com/developer/msbuild/2003">
  <ItemGroup>
    <Filter Include="Source Files">
      <UniqueIdentifier>{4FC737F1-C7A5-4376-A066-2A32D752A2FF}</UniqueIdentifier>
      <Extensions>cpp;c;cc;cxx;def;odl;idl;hpj;bat;asm;asmx</Extensions>
    </Filter>
    <Filter Include="Header Files">
      <UniqueIdentifier>{93995380-89BD-4b04-88EB-625FBE52EBFB}</UniqueIdentifier>
      <Extensions>h;hh;hpp;hxx;hm;inl;inc;xsd</Extensions>
    </Filter>
    <Filter Include="Resource Files">
      <UniqueIdentifier>{67DA6AB6-F800-4c08-8B7A-83BB121AAD01}</UniqueIdentifier>
      <Extensions>rc;ico;cur;bmp;dlg;rc2;rct;bin;rgs;gif;jpg;jpeg;jpe;resx;tiff;tif;png;wav;mfcribbon-ms</Extensions>
    </Filter>
  </ItemGroup>
  <ItemGroup>
    <Text Include="ReadMe.txt" />
  </ItemGroup>
  <ItemGroup>
    <ClInclude Include="MultiIPCAMERADlg.h">
      <Filter>Header Files</Filter>
    </ClInclude>
    <ClInclude Include="stdafx.h">
      <Filter>Header Files</Filter>
    </ClInclude>
    <ClInclude Include="targetver.h">
      <Filter>Header Files</Filter>
    </ClInclude>
    <ClInclude Include="Resource.h">
      <Filter>Header Files</Filter>
    </ClInclude>
    <ClInclude Include="PBAS.h">
      <Filter>Header Files</Filter>
    </ClInclude>
    <ClInclude Include="PixelBasedAdaptiveSegmenter.h">
      <Filter>Header Files</Filter>
    </ClInclude>
    <ClInclude Include="..\..\..\OpenCV\vehicle detection, tracing and counting\work\simple_vehicle_counting\package_bgs\IBGS.h">
      <Filter>Header Files</Filter>
    </ClInclude>
    <ClInclude Include="ImageButton.h">
      <Filter>Header Files</Filter>
    </ClInclude>
    <ClInclude Include="AddCameraDlg.h">
      <Filter>Header Files</Filter>
    </ClInclude>
    <ClInclude Include="yolo_v2_class.h">
      <Filter>Header Files</Filter>
    </ClInclude>
    <ClInclude Include="LibraryClass.h">
      <Filter>Header Files</Filter>
    </ClInclude>
    <ClInclude Include="SettingsDlg.h">
      <Filter>Header Files</Filter>
    </ClInclude>
    <ClInclude Include="MSettingsDlg.h">
      <Filter>Header Files</Filter>
    </ClInclude>
    <ClInclude Include="MultiIPCAMERA.h">
      <Filter>Header Files</Filter>
    </ClInclude>
    <ClInclude Include="OpticalFlow.h">
      <Filter>Header Files</Filter>
    </ClInclude>
    <ClInclude Include="Blob.h">
      <Filter>Header Files</Filter>
    </ClInclude>
    <ClInclude Include="ReportDlg.h">
      <Filter>Header Files</Filter>
    </ClInclude>
    <ClInclude Include="SummaryDlg.h">
      <Filter>Header Files</Filter>
    </ClInclude>
    <ClInclude Include="ChartViewer.h">
      <Filter>Header Files</Filter>
    </ClInclude>
  </ItemGroup>
  <ItemGroup>
    <ClCompile Include="MultiIPCAMERADlg.cpp">
      <Filter>Source Files</Filter>
    </ClCompile>
    <ClCompile Include="stdafx.cpp">
      <Filter>Source Files</Filter>
    </ClCompile>
    <ClCompile Include="ImageButton.cpp">
      <Filter>Source Files</Filter>
    </ClCompile>
    <ClCompile Include="AddCameraDlg.cpp">
      <Filter>Source Files</Filter>
    </ClCompile>
    <ClCompile Include="LibraryClass.cpp">
      <Filter>Source Files</Filter>
    </ClCompile>
    <ClCompile Include="SettingsDlg.cpp">
      <Filter>Source Files</Filter>
    </ClCompile>
    <ClCompile Include="MSettingsDlg.cpp">
      <Filter>Source Files</Filter>
    </ClCompile>
    <ClCompile Include="MultiIPCAMERA.cpp">
      <Filter>Source Files</Filter>
    </ClCompile>
    <ClCompile Include="OpticalFlow.cpp">
      <Filter>Source Files</Filter>
    </ClCompile>
    <ClCompile Include="Blob.cpp">
      <Filter>Source Files</Filter>
    </ClCompile>
    <ClCompile Include="ReportDlg.cpp">
      <Filter>Source Files</Filter>
    </ClCompile>
    <ClCompile Include="SummaryDlg.cpp">
      <Filter>Source Files</Filter>
    </ClCompile>
    <ClCompile Include="ChartViewer.cpp">
      <Filter>Source Files</Filter>
    </ClCompile>
  </ItemGroup>
  <ItemGroup>
    <ResourceCompile Include="MultiIPCAMERA.rc">
      <Filter>Resource Files</Filter>
    </ResourceCompile>
  </ItemGroup>
  <ItemGroup>
    <None Include="res\MultiIPCAMERA.rc2">
      <Filter>Resource Files</Filter>
    </None>
    <None Include="packages.config" />
  </ItemGroup>
  <ItemGroup>
    <Image Include="res\MultiIPCAMERA.ico">
      <Filter>Resource Files</Filter>
    </Image>
    <Image Include="image\ipcamera.bmp">
      <Filter>Resource Files</Filter>
    </Image>
    <Image Include="image\icon_medium.bmp">
      <Filter>Resource Files</Filter>
    </Image>
    <Image Include="image\icon_small.bmp">
      <Filter>Resource Files</Filter>
    </Image>
    <Image Include="image\icon_small1.bmp">
      <Filter>Resource Files</Filter>
    </Image>
    <Image Include="image\icon_medium1.bmp">
      <Filter>Resource Files</Filter>
    </Image>
    <Image Include="image\icon_small2.bmp">
      <Filter>Resource Files</Filter>
    </Image>
    <Image Include="image\icon_medium2.bmp">
      <Filter>Resource Files</Filter>
    </Image>
    <Image Include="image\icon_small3.bmp">
      <Filter>Resource Files</Filter>
    </Image>
    <Image Include="image\icon_medium3.bmp">
      <Filter>Resource Files</Filter>
    </Image>
    <Image Include="image\refresh.bmp">
      <Filter>Resource Files</Filter>
    </Image>
    <Image Include="image\bitmap4.bmp">
      <Filter>Resource Files</Filter>
    </Image>
    <Image Include="image\config.bmp">
      <Filter>Resource Files</Filter>
    </Image>
    <Image Include="image\4.bmp">
      <Filter>Resource Files</Filter>
    </Image>
    <Image Include="image\9.bmp">
      <Filter>Resource Files</Filter>
    </Image>
    <Image Include="image\pen.png">
      <Filter>Resource Files</Filter>
    </Image>
    <Image Include="image\draw_pen.bmp">
      <Filter>Resource Files</Filter>
    </Image>
    <Image Include="image\eraser.bmp">
      <Filter>Resource Files</Filter>
    </Image>
    <Image Include="image\grid.bmp">
      <Filter>Resource Files</Filter>
    </Image>
  </ItemGroup>
</Project>